
Microsoft Visual Studio Solution File, Format Version 12.00
# Visual Studio Version 18
VisualStudioVersion = 18.0.11222.15
MinimumVisualStudioVersion = 10.0.40219.1
Project("{2150E333-8FDC-42A3-9474-1A3956D46DE8}") = "SolutionItems", "SolutionItems", "{02EA681E-C7D8-13C7-8484-4AC65E1B71E8}"
	ProjectSection(SolutionItems) = preProject
		.gitignore = .gitignore
		README.md = README.md
	EndProjectSection
EndProject
Project("{2150E333-8FDC-42A3-9474-1A3956D46DE8}") = "Tests", "Tests", "{419D3A7B-8732-4403-8B41-D1D2047D0BBE}"
EndProject
Project("{FAE04EC0-301F-11D3-BF4B-00C04F79EFBC}") = "Music.App", "src\Music.App\Music.App.csproj", "{95AAE951-2F41-25BA-AB43-FB87E56F1645}"
EndProject
Project("{FAE04EC0-301F-11D3-BF4B-00C04F79EFBC}") = "Music.BL", "src\Music.BL\Music.BL.csproj", "{68D81C65-C5A9-7363-9B5B-EC6B6DD6A496}"
EndProject
Project("{FAE04EC0-301F-11D3-BF4B-00C04F79EFBC}") = "Music.DL", "src\Music.DL\Music.DL.csproj", "{4848FFA0-AF18-E5DC-68A5-F1EC5D5119A5}"
EndProject
Project("{FAE04EC0-301F-11D3-BF4B-00C04F79EFBC}") = "DL.Tests.Integration", "tests\DL.Tests.Integration\DL.Tests.Integration.csproj", "{BAAE37F6-A26F-3A08-6865-2C1CF6586560}"
EndProject
Global
	GlobalSection(SolutionConfigurationPlatforms) = preSolution
		Debug|Any CPU = Debug|Any CPU
		Release|Any CPU = Release|Any CPU
	EndGlobalSection
	GlobalSection(ProjectConfigurationPlatforms) = postSolution
		{95AAE951-2F41-25BA-AB43-FB87E56F1645}.Debug|Any CPU.ActiveCfg = Debug|Any CPU
		{95AAE951-2F41-25BA-AB43-FB87E56F1645}.Debug|Any CPU.Build.0 = Debug|Any CPU
		{95AAE951-2F41-25BA-AB43-FB87E56F1645}.Release|Any CPU.ActiveCfg = Release|Any CPU
		{95AAE951-2F41-25BA-AB43-FB87E56F1645}.Release|Any CPU.Build.0 = Release|Any CPU
		{68D81C65-C5A9-7363-9B5B-EC6B6DD6A496}.Debug|Any CPU.ActiveCfg = Debug|Any CPU
		{68D81C65-C5A9-7363-9B5B-EC6B6DD6A496}.Debug|Any CPU.Build.0 = Debug|Any CPU
		{68D81C65-C5A9-7363-9B5B-EC6B6DD6A496}.Release|Any CPU.ActiveCfg = Release|Any CPU
		{68D81C65-C5A9-7363-9B5B-EC6B6DD6A496}.Release|Any CPU.Build.0 = Release|Any CPU
		{4848FFA0-AF18-E5DC-68A5-F1EC5D5119A5}.Debug|Any CPU.ActiveCfg = Debug|Any CPU
		{4848FFA0-AF18-E5DC-68A5-F1EC5D5119A5}.Debug|Any CPU.Build.0 = Debug|Any CPU
		{4848FFA0-AF18-E5DC-68A5-F1EC5D5119A5}.Release|Any CPU.ActiveCfg = Release|Any CPU
		{4848FFA0-AF18-E5DC-68A5-F1EC5D5119A5}.Release|Any CPU.Build.0 = Release|Any CPU
		{BAAE37F6-A26F-3A08-6865-2C1CF6586560}.Debug|Any CPU.ActiveCfg = Debug|Any CPU
		{BAAE37F6-A26F-3A08-6865-2C1CF6586560}.Debug|Any CPU.Build.0 = Debug|Any CPU
		{BAAE37F6-A26F-3A08-6865-2C1CF6586560}.Release|Any CPU.ActiveCfg = Release|Any CPU
		{BAAE37F6-A26F-3A08-6865-2C1CF6586560}.Release|Any CPU.Build.0 = Release|Any CPU
	EndGlobalSection
	GlobalSection(SolutionProperties) = preSolution
		HideSolutionNode = FALSE
	EndGlobalSection
	GlobalSection(NestedProjects) = preSolution
		{BAAE37F6-A26F-3A08-6865-2C1CF6586560} = {419D3A7B-8732-4403-8B41-D1D2047D0BBE}
	EndGlobalSection
EndGlobal
